
Microsoft Visual Studio Solution File, Format Version 12.00
# Visual Studio 15
VisualStudioVersion = 15.0.27703.2042
MinimumVisualStudioVersion = 10.0.40219.1
Project("{FAE04EC0-301F-11D3-BF4B-00C04F79EFBC}") = "LinkedListLibrary", "LinkedListLibrary\LinkedListLibrary.csproj", "{E1C6C7F7-3D0A-4830-B510-CDFE2F23B3A9}"
EndProject
Global
	GlobalSection(SolutionConfigurationPlatforms) = preSolution
		Debug|Any CPU = Debug|Any CPU
		Release|Any CPU = Release|Any CPU
	EndGlobalSection
	GlobalSection(ProjectConfigurationPlatforms) = postSolution
		{E1C6C7F7-3D0A-4830-B510-CDFE2F23B3A9}.Debug|Any CPU.ActiveCfg = Debug|Any CPU
		{E1C6C7F7-3D0A-4830-B510-CDFE2F23B3A9}.Debug|Any CPU.Build.0 = Debug|Any CPU
		{E1C6C7F7-3D0A-4830-B510-CDFE2F23B3A9}.Release|Any CPU.ActiveCfg = Release|Any CPU
		{E1C6C7F7-3D0A-4830-B510-CDFE2F23B3A9}.Release|Any CPU.Build.0 = Release|Any CPU
	EndGlobalSection
	GlobalSection(SolutionProperties) = preSolution
		HideSolutionNode = FALSE
	EndGlobalSection
	GlobalSection(ExtensibilityGlobals) = postSolution
		SolutionGuid = {63E0B06F-FBC5-4DB1-8AC7-C01DC3AFD170}
	EndGlobalSection
EndGlobal
